
Microsoft Visual Studio Solution File, Format Version 12.00
# Visual Studio Version 16
VisualStudioVersion = 16.0.29613.14
MinimumVisualStudioVersion = 10.0.40219.1
Project("{FAE04EC0-301F-11D3-BF4B-00C04F79EFBC}") = "OMF_Editor", "OMF_Editor.csproj", "{E7549098-47A6-4C94-BFA8-FCAA788B9B3E}"
EndProject
Project("{2150E333-8FDC-42A3-9474-1A3956D46DE8}") = "Solution Items", "Solution Items", "{9CF71050-B1D9-4411-B4D1-B9309B9C0448}"
EndProject
Global
	GlobalSection(SolutionConfigurationPlatforms) = preSolution
		Debug|Any CPU = Debug|Any CPU
		Debug|x64 = Debug|x64
		Debug|x86 = Debug|x86
		Release|Any CPU = Release|Any CPU
		Release|x64 = Release|x64
		Release|x86 = Release|x86
	EndGlobalSection
	GlobalSection(ProjectConfigurationPlatforms) = postSolution
		{E7549098-47A6-4C94-BFA8-FCAA788B9B3E}.Debug|Any CPU.ActiveCfg = Debug|x64
		{E7549098-47A6-4C94-BFA8-FCAA788B9B3E}.Debug|x64.ActiveCfg = Debug|x64
		{E7549098-47A6-4C94-BFA8-FCAA788B9B3E}.Debug|x64.Build.0 = Debug|x64
		{E7549098-47A6-4C94-BFA8-FCAA788B9B3E}.Debug|x86.ActiveCfg = Debug|x86
		{E7549098-47A6-4C94-BFA8-FCAA788B9B3E}.Debug|x86.Build.0 = Debug|x86
		{E7549098-47A6-4C94-BFA8-FCAA788B9B3E}.Release|Any CPU.ActiveCfg = Release|x64
		{E7549098-47A6-4C94-BFA8-FCAA788B9B3E}.Release|x64.ActiveCfg = Release|x64
		{E7549098-47A6-4C94-BFA8-FCAA788B9B3E}.Release|x64.Build.0 = Release|x64
		{E7549098-47A6-4C94-BFA8-FCAA788B9B3E}.Release|x86.ActiveCfg = Release|x86
		{E7549098-47A6-4C94-BFA8-FCAA788B9B3E}.Release|x86.Build.0 = Release|x86
	EndGlobalSection
	GlobalSection(SolutionProperties) = preSolution
		HideSolutionNode = FALSE
	EndGlobalSection
	GlobalSection(ExtensibilityGlobals) = postSolution
		SolutionGuid = {9A7DF3ED-0906-4969-AAC8-7113AF183CB2}
	EndGlobalSection
EndGlobal
